
Microsoft Visual Studio Solution File, Format Version 12.00
# Visual Studio Version 16
VisualStudioVersion = 16.0.29102.190
MinimumVisualStudioVersion = 10.0.40219.1
Project("{FAE04EC0-301F-11D3-BF4B-00C04F79EFBC}") = "Pastime.Android", "Pastime\Pastime.Android\Pastime.Android.csproj", "{7E276AB3-1988-46A1-8DD6-1C9CBBC5A3B6}"
EndProject
Project("{FAE04EC0-301F-11D3-BF4B-00C04F79EFBC}") = "Pastime.iOS", "Pastime\Pastime.iOS\Pastime.iOS.csproj", "{E763F822-741A-4961-B8D4-63ADC566E8CA}"
EndProject
Project("{FAE04EC0-301F-11D3-BF4B-00C04F79EFBC}") = "Pastime", "Pastime\Pastime\Pastime.csproj", "{6656751B-0283-4725-B586-EF440053D028}"
EndProject
Global
	GlobalSection(SolutionConfigurationPlatforms) = preSolution
		Debug|Any CPU = Debug|Any CPU
		Debug|iPhone = Debug|iPhone
		Debug|iPhoneSimulator = Debug|iPhoneSimulator
		Release|Any CPU = Release|Any CPU
		Release|iPhone = Release|iPhone
		Release|iPhoneSimulator = Release|iPhoneSimulator
	EndGlobalSection
	GlobalSection(ProjectConfigurationPlatforms) = postSolution
		{7E276AB3-1988-46A1-8DD6-1C9CBBC5A3B6}.Debug|Any CPU.ActiveCfg = Debug|Any CPU
		{7E276AB3-1988-46A1-8DD6-1C9CBBC5A3B6}.Debug|Any CPU.Build.0 = Debug|Any CPU
		{7E276AB3-1988-46A1-8DD6-1C9CBBC5A3B6}.Debug|Any CPU.Deploy.0 = Debug|Any CPU
		{7E276AB3-1988-46A1-8DD6-1C9CBBC5A3B6}.Debug|iPhone.ActiveCfg = Debug|Any CPU
		{7E276AB3-1988-46A1-8DD6-1C9CBBC5A3B6}.Debug|iPhone.Build.0 = Debug|Any CPU
		{7E276AB3-1988-46A1-8DD6-1C9CBBC5A3B6}.Debug|iPhone.Deploy.0 = Debug|Any CPU
		{7E276AB3-1988-46A1-8DD6-1C9CBBC5A3B6}.Debug|iPhoneSimulator.ActiveCfg = Debug|Any CPU
		{7E276AB3-1988-46A1-8DD6-1C9CBBC5A3B6}.Debug|iPhoneSimulator.Build.0 = Debug|Any CPU
		{7E276AB3-1988-46A1-8DD6-1C9CBBC5A3B6}.Debug|iPhoneSimulator.Deploy.0 = Debug|Any CPU
		{7E276AB3-1988-46A1-8DD6-1C9CBBC5A3B6}.Release|Any CPU.ActiveCfg = Release|Any CPU
		{7E276AB3-1988-46A1-8DD6-1C9CBBC5A3B6}.Release|Any CPU.Build.0 = Release|Any CPU
		{7E276AB3-1988-46A1-8DD6-1C9CBBC5A3B6}.Release|Any CPU.Deploy.0 = Release|Any CPU
		{7E276AB3-1988-46A1-8DD6-1C9CBBC5A3B6}.Release|iPhone.ActiveCfg = Release|Any CPU
		{7E276AB3-1988-46A1-8DD6-1C9CBBC5A3B6}.Release|iPhone.Build.0 = Release|Any CPU
		{7E276AB3-1988-46A1-8DD6-1C9CBBC5A3B6}.Release|iPhone.Deploy.0 = Release|Any CPU
		{7E276AB3-1988-46A1-8DD6-1C9CBBC5A3B6}.Release|iPhoneSimulator.ActiveCfg = Release|Any CPU
		{7E276AB3-1988-46A1-8DD6-1C9CBBC5A3B6}.Release|iPhoneSimulator.Build.0 = Release|Any CPU
		{7E276AB3-1988-46A1-8DD6-1C9CBBC5A3B6}.Release|iPhoneSimulator.Deploy.0 = Release|Any CPU
		{E763F822-741A-4961-B8D4-63ADC566E8CA}.Debug|Any CPU.ActiveCfg = Debug|iPhoneSimulator
		{E763F822-741A-4961-B8D4-63ADC566E8CA}.Debug|Any CPU.Build.0 = Debug|iPhoneSimulator
		{E763F822-741A-4961-B8D4-63ADC566E8CA}.Debug|Any CPU.Deploy.0 = Debug|iPhoneSimulator
		{E763F822-741A-4961-B8D4-63ADC566E8CA}.Debug|iPhone.ActiveCfg = Debug|iPhone
		{E763F822-741A-4961-B8D4-63ADC566E8CA}.Debug|iPhone.Build.0 = Debug|iPhone
		{E763F822-741A-4961-B8D4-63ADC566E8CA}.Debug|iPhone.Deploy.0 = Debug|iPhone
		{E763F822-741A-4961-B8D4-63ADC566E8CA}.Debug|iPhoneSimulator.ActiveCfg = Debug|iPhoneSimulator
		{E763F822-741A-4961-B8D4-63ADC566E8CA}.Debug|iPhoneSimulator.Build.0 = Debug|iPhoneSimulator
		{E763F822-741A-4961-B8D4-63ADC566E8CA}.Debug|iPhoneSimulator.Deploy.0 = Debug|iPhoneSimulator
		{E763F822-741A-4961-B8D4-63ADC566E8CA}.Release|Any CPU.ActiveCfg = Release|iPhone
		{E763F822-741A-4961-B8D4-63ADC566E8CA}.Release|Any CPU.Build.0 = Release|iPhone
		{E763F822-741A-4961-B8D4-63ADC566E8CA}.Release|Any CPU.Deploy.0 = Release|iPhone
		{E763F822-741A-4961-B8D4-63ADC566E8CA}.Release|iPhone.ActiveCfg = Release|iPhone
		{E763F822-741A-4961-B8D4-63ADC566E8CA}.Release|iPhone.Build.0 = Release|iPhone
		{E763F822-741A-4961-B8D4-63ADC566E8CA}.Release|iPhone.Deploy.0 = Release|iPhone
		{E763F822-741A-4961-B8D4-63ADC566E8CA}.Release|iPhoneSimulator.ActiveCfg = Release|iPhoneSimulator
		{E763F822-741A-4961-B8D4-63ADC566E8CA}.Release|iPhoneSimulator.Build.0 = Release|iPhoneSimulator
		{E763F822-741A-4961-B8D4-63ADC566E8CA}.Release|iPhoneSimulator.Deploy.0 = Release|iPhoneSimulator
		{6656751B-0283-4725-B586-EF440053D028}.Debug|Any CPU.ActiveCfg = Debug|Any CPU
		{6656751B-0283-4725-B586-EF440053D028}.Debug|Any CPU.Build.0 = Debug|Any CPU
		{6656751B-0283-4725-B586-EF440053D028}.Debug|Any CPU.Deploy.0 = Debug|Any CPU
		{6656751B-0283-4725-B586-EF440053D028}.Debug|iPhone.ActiveCfg = Debug|Any CPU
		{6656751B-0283-4725-B586-EF440053D028}.Debug|iPhone.Build.0 = Debug|Any CPU
		{6656751B-0283-4725-B586-EF440053D028}.Debug|iPhone.Deploy.0 = Debug|Any CPU
		{6656751B-0283-4725-B586-EF440053D028}.Debug|iPhoneSimulator.ActiveCfg = Debug|Any CPU
		{6656751B-0283-4725-B586-EF440053D028}.Debug|iPhoneSimulator.Build.0 = Debug|Any CPU
		{6656751B-0283-4725-B586-EF440053D028}.Debug|iPhoneSimulator.Deploy.0 = Debug|Any CPU
		{6656751B-0283-4725-B586-EF440053D028}.Release|Any CPU.ActiveCfg = Release|Any CPU
		{6656751B-0283-4725-B586-EF440053D028}.Release|Any CPU.Build.0 = Release|Any CPU
		{6656751B-0283-4725-B586-EF440053D028}.Release|Any CPU.Deploy.0 = Release|Any CPU
		{6656751B-0283-4725-B586-EF440053D028}.Release|iPhone.ActiveCfg = Release|Any CPU
		{6656751B-0283-4725-B586-EF440053D028}.Release|iPhone.Build.0 = Release|Any CPU
		{6656751B-0283-4725-B586-EF440053D028}.Release|iPhone.Deploy.0 = Release|Any CPU
		{6656751B-0283-4725-B586-EF440053D028}.Release|iPhoneSimulator.ActiveCfg = Release|Any CPU
		{6656751B-0283-4725-B586-EF440053D028}.Release|iPhoneSimulator.Build.0 = Release|Any CPU
		{6656751B-0283-4725-B586-EF440053D028}.Release|iPhoneSimulator.Deploy.0 = Release|Any CPU
	EndGlobalSection
	GlobalSection(SolutionProperties) = preSolution
		HideSolutionNode = FALSE
	EndGlobalSection
	GlobalSection(ExtensibilityGlobals) = postSolution
		SolutionGuid = {B44FBFC3-D4B2-45E3-9C79-E125AA1ABA18}
	EndGlobalSection
EndGlobal
